
Microsoft Visual Studio Solution File, Format Version 12.00
# Visual Studio Version 16
VisualStudioVersion = 16.0.31112.23
MinimumVisualStudioVersion = 10.0.40219.1
Project("{FAE04EC0-301F-11D3-BF4B-00C04F79EFBC}") = "Wrapper", "Wrapper.csproj", "{925B99A1-DD78-4EDB-8223-1BD42D0E230B}"
EndProject
Project("{FAE04EC0-301F-11D3-BF4B-00C04F79EFBC}") = "Fake", "..\Fake\Fake.csproj", "{E1168AC0-4077-4A87-B1BC-E3E290893735}"
EndProject
Project("{FAE04EC0-301F-11D3-BF4B-00C04F79EFBC}") = "Lib", "..\Lib\Lib.csproj", "{DC6C6E63-8B1B-4658-B28A-A7227617990D}"
EndProject
Project("{FAE04EC0-301F-11D3-BF4B-00C04F79EFBC}") = "Fake.Tests", "..\Fake.Tests\Fake.Tests.csproj", "{FF8415B3-EC66-4729-AF99-A894D32EEE30}"
EndProject
Project("{FAE04EC0-301F-11D3-BF4B-00C04F79EFBC}") = "Wrapper.Tests", "..\Wrapper.Tests\Wrapper.Tests.csproj", "{FCEAA4B7-373C-4228-81E8-F35E0DEA417A}"
EndProject
Global
	GlobalSection(SolutionConfigurationPlatforms) = preSolution
		Debug|Any CPU = Debug|Any CPU
		Release|Any CPU = Release|Any CPU
	EndGlobalSection
	GlobalSection(ProjectConfigurationPlatforms) = postSolution
		{925B99A1-DD78-4EDB-8223-1BD42D0E230B}.Debug|Any CPU.ActiveCfg = Debug|Any CPU
		{925B99A1-DD78-4EDB-8223-1BD42D0E230B}.Debug|Any CPU.Build.0 = Debug|Any CPU
		{925B99A1-DD78-4EDB-8223-1BD42D0E230B}.Release|Any CPU.ActiveCfg = Release|Any CPU
		{925B99A1-DD78-4EDB-8223-1BD42D0E230B}.Release|Any CPU.Build.0 = Release|Any CPU
		{E1168AC0-4077-4A87-B1BC-E3E290893735}.Debug|Any CPU.ActiveCfg = Debug|Any CPU
		{E1168AC0-4077-4A87-B1BC-E3E290893735}.Debug|Any CPU.Build.0 = Debug|Any CPU
		{E1168AC0-4077-4A87-B1BC-E3E290893735}.Release|Any CPU.ActiveCfg = Release|Any CPU
		{E1168AC0-4077-4A87-B1BC-E3E290893735}.Release|Any CPU.Build.0 = Release|Any CPU
		{DC6C6E63-8B1B-4658-B28A-A7227617990D}.Debug|Any CPU.ActiveCfg = Debug|Any CPU
		{DC6C6E63-8B1B-4658-B28A-A7227617990D}.Debug|Any CPU.Build.0 = Debug|Any CPU
		{DC6C6E63-8B1B-4658-B28A-A7227617990D}.Release|Any CPU.ActiveCfg = Release|Any CPU
		{DC6C6E63-8B1B-4658-B28A-A7227617990D}.Release|Any CPU.Build.0 = Release|Any CPU
		{FF8415B3-EC66-4729-AF99-A894D32EEE30}.Debug|Any CPU.ActiveCfg = Debug|Any CPU
		{FF8415B3-EC66-4729-AF99-A894D32EEE30}.Debug|Any CPU.Build.0 = Debug|Any CPU
		{FF8415B3-EC66-4729-AF99-A894D32EEE30}.Release|Any CPU.ActiveCfg = Release|Any CPU
		{FF8415B3-EC66-4729-AF99-A894D32EEE30}.Release|Any CPU.Build.0 = Release|Any CPU
		{FCEAA4B7-373C-4228-81E8-F35E0DEA417A}.Debug|Any CPU.ActiveCfg = Debug|Any CPU
		{FCEAA4B7-373C-4228-81E8-F35E0DEA417A}.Debug|Any CPU.Build.0 = Debug|Any CPU
		{FCEAA4B7-373C-4228-81E8-F35E0DEA417A}.Release|Any CPU.ActiveCfg = Release|Any CPU
		{FCEAA4B7-373C-4228-81E8-F35E0DEA417A}.Release|Any CPU.Build.0 = Release|Any CPU
	EndGlobalSection
	GlobalSection(SolutionProperties) = preSolution
		HideSolutionNode = FALSE
	EndGlobalSection
	GlobalSection(ExtensibilityGlobals) = postSolution
		SolutionGuid = {996D9837-2029-4F00-9E72-9E47F27AE5DF}
	EndGlobalSection
EndGlobal
